{
  "name": "server",
  "lockfileVersion": 3,
  "requires": true,
  "packages": {
    "": {
      "dependencies": {
        "tahcom-kpi-portal": "file:../.."
      }
    },
    "../..": {
      "version": "0.0.0",
      "dependencies": {
        "@supabase/supabase-js": "^2.81.0",
        "chart.js": "^4.5.1",
        "clsx": "^2.1.1",
        "colorthief": "^2.6.0",
        "date-fns": "^4.1.0",
        "framer-motion": "^12.23.24",
        "lucide-react": "^0.546.0",
        "react": "^19.2.0",
        "react-chartjs-2": "^5.3.0",
        "react-dom": "^19.2.0",
        "react-router-dom": "^7.9.4",
        "xlsx-js-style": "^1.2.0"
      },
      "devDependencies": {
        "@tailwindcss/forms": "^0.5.10",
        "@tailwindcss/postcss": "^4.1.14",
        "@tailwindcss/typography": "^0.5.19",
        "@types/react": "^19.2.2",
        "@types/react-dom": "^19.2.2",
        "@vitejs/plugin-react": "^5.1.0",
        "autoprefixer": "^10.4.21",
        "postcss": "^8.5.6",
        "tailwindcss": "^4.1.14",
        "typescript": "~5.9.3",
        "vite": "^7.1.7",
        "vite-plugin-pwa": "^1.1.0",
        "workbox-window": "^7.3.0"
      }
    },
    "node_modules/tahcom-kpi-portal": {
      "resolved": "../..",
      "link": true
    }
  }
}
